// !$*UTF8*$!
{
	archiveVersion = 1;
	classes = {
	};
	objectVersion = 55;
	objects = {

/* Begin PBXBuildFile section */
		5117EA1428EEEF7D00D4B4EB /* DataStor.swift in Sources */ = {isa = PBXBuildFile; fileRef = 5117EA1328EEEF7D00D4B4EB /* DataStor.swift */; };
		512E9BF828DA1C2B00640988 /* SpringAnimation in Frameworks */ = {isa = PBXBuildFile; productRef = 512E9BF728DA1C2B00640988 /* SpringAnimation */; };
		512E9BFA28DA2E1E00640988 /* Model.swift in Sources */ = {isa = PBXBuildFile; fileRef = 512E9BF928DA2E1E00640988 /* Model.swift */; };
		516A21E528DA196E00507BEE /* AppDelegate.swift in Sources */ = {isa = PBXBuildFile; fileRef = 516A21E428DA196E00507BEE /* AppDelegate.swift */; };
		516A21E728DA196E00507BEE /* SceneDelegate.swift in Sources */ = {isa = PBXBuildFile; fileRef = 516A21E628DA196E00507BEE /* SceneDelegate.swift */; };
		516A21E928DA196E00507BEE /* ViewController.swift in Sources */ = {isa = PBXBuildFile; fileRef = 516A21E828DA196E00507BEE /* ViewController.swift */; };
		516A21EC28DA196E00507BEE /* Main.storyboard in Resources */ = {isa = PBXBuildFile; fileRef = 516A21EA28DA196E00507BEE /* Main.storyboard */; };
		516A21EE28DA197100507BEE /* Assets.xcassets in Resources */ = {isa = PBXBuildFile; fileRef = 516A21ED28DA197100507BEE /* Assets.xcassets */; };
		516A21F128DA197100507BEE /* LaunchScreen.storyboard in Resources */ = {isa = PBXBuildFile; fileRef = 516A21EF28DA197100507BEE /* LaunchScreen.storyboard */; };
/* End PBXBuildFile section */

/* Begin PBXFileReference section */
		5117EA1328EEEF7D00D4B4EB /* DataStor.swift */ = {isa = PBXFileReference; lastKnownFileType = sourcecode.swift; path = DataStor.swift; sourceTree = "<group>"; };
		512E9BF928DA2E1E00640988 /* Model.swift */ = {isa = PBXFileReference; lastKnownFileType = sourcecode.swift; path = Model.swift; sourceTree = "<group>"; };
		516A21E128DA196E00507BEE /* SpringAppTwo.app */ = {isa = PBXFileReference; explicitFileType = wrapper.application; includeInIndex = 0; path = SpringAppTwo.app; sourceTree = BUILT_PRODUCTS_DIR; };
		516A21E428DA196E00507BEE /* AppDelegate.swift */ = {isa = PBXFileReference; lastKnownFileType = sourcecode.swift; path = AppDelegate.swift; sourceTree = "<group>"; };
		516A21E628DA196E00507BEE /* SceneDelegate.swift */ = {isa = PBXFileReference; lastKnownFileType = sourcecode.swift; path = SceneDelegate.swift; sourceTree = "<group>"; };
		516A21E828DA196E00507BEE /* ViewController.swift */ = {isa = PBXFileReference; lastKnownFileType = sourcecode.swift; path = ViewController.swift; sourceTree = "<group>"; };
		516A21EB28DA196E00507BEE /* Base */ = {isa = PBXFileReference; lastKnownFileType = file.storyboard; name = Base; path = Base.lproj/Main.storyboard; sourceTree = "<group>"; };
		516A21ED28DA197100507BEE /* Assets.xcassets */ = {isa = PBXFileReference; lastKnownFileType = folder.assetcatalog; path = Assets.xcassets; sourceTree = "<group>"; };
		516A21F028DA197100507BEE /* Base */ = {isa = PBXFileReference; lastKnownFileType = file.storyboard; name = Base; path = Base.lproj/LaunchScreen.storyboard; sourceTree = "<group>"; };
		516A21F228DA197100507BEE /* Info.plist */ = {isa = PBXFileReference; lastKnownFileType = text.plist.xml; path = Info.plist; sourceTree = "<group>"; };
/* End PBXFileReference section */

/* Begin PBXFrameworksBuildPhase section */
		516A21DE28DA196E00507BEE /* Frameworks */ = {
			isa = PBXFrameworksBuildPhase;
			buildActionMask = 2147483647;
			files = (
				512E9BF828DA1C2B00640988 /* SpringAnimation in Frameworks */,
			);
			runOnlyForDeploymentPostprocessing = 0;
		};
/* End PBXFrameworksBuildPhase section */

/* Begin PBXGroup section */
		5117EA1228EEEF1300D4B4EB /* Data */ = {
			isa = PBXGroup;
			children = (
				5117EA1328EEEF7D00D4B4EB /* DataStor.swift */,
			);
			path = Data;
			sourceTree = "<group>";
		};
		512E9BFB28DA550F00640988 /* app */ = {
			isa = PBXGroup;
			children = (
				516A21E428DA196E00507BEE /* AppDelegate.swift */,
				516A21E628DA196E00507BEE /* SceneDelegate.swift */,
			);
			path = app;
			sourceTree = "<group>";
		};
		512E9BFC28DA552F00640988 /* model */ = {
			isa = PBXGroup;
			children = (
				512E9BF928DA2E1E00640988 /* Model.swift */,
			);
			path = model;
			sourceTree = "<group>";
		};
		512E9BFD28DA553F00640988 /* controler */ = {
			isa = PBXGroup;
			children = (
				516A21E828DA196E00507BEE /* ViewController.swift */,
			);
			path = controler;
			sourceTree = "<group>";
		};
		512E9BFE28DA554D00640988 /* storyboards */ = {
			isa = PBXGroup;
			children = (
				516A21EA28DA196E00507BEE /* Main.storyboard */,
				516A21EF28DA197100507BEE /* LaunchScreen.storyboard */,
			);
			path = storyboards;
			sourceTree = "<group>";
		};
		512E9BFF28DA555E00640988 /* resourses */ = {
			isa = PBXGroup;
			children = (
				516A21ED28DA197100507BEE /* Assets.xcassets */,
			);
			path = resourses;
			sourceTree = "<group>";
		};
		516A21D828DA196E00507BEE = {
			isa = PBXGroup;
			children = (
				516A21E328DA196E00507BEE /* SpringAppTwo */,
				516A21E228DA196E00507BEE /* Products */,
			);
			sourceTree = "<group>";
		};
		516A21E228DA196E00507BEE /* Products */ = {
			isa = PBXGroup;
			children = (
				516A21E128DA196E00507BEE /* SpringAppTwo.app */,
			);
			name = Products;
			sourceTree = "<group>";
		};
		516A21E328DA196E00507BEE /* SpringAppTwo */ = {
			isa = PBXGroup;
			children = (
				516A21F228DA197100507BEE /* Info.plist */,
				5117EA1228EEEF1300D4B4EB /* Data */,
				512E9BFC28DA552F00640988 /* model */,
				512E9BFD28DA553F00640988 /* controler */,
				512E9BFE28DA554D00640988 /* storyboards */,
				512E9BFF28DA555E00640988 /* resourses */,
				512E9BFB28DA550F00640988 /* app */,
			);
			path = SpringAppTwo;
			sourceTree = "<group>";
		};
/* End PBXGroup section */

/* Begin PBXNativeTarget section */
		516A21E028DA196E00507BEE /* SpringAppTwo */ = {
			isa = PBXNativeTarget;
			buildConfigurationList = 516A21F528DA197100507BEE /* Build configuration list for PBXNativeTarget "SpringAppTwo" */;
			buildPhases = (
				516A21DD28DA196E00507BEE /* Sources */,
				516A21DE28DA196E00507BEE /* Frameworks */,
				516A21DF28DA196E00507BEE /* Resources */,
			);
			buildRules = (
			);
			dependencies = (
			);
			name = SpringAppTwo;
			packageProductDependencies = (
				512E9BF728DA1C2B00640988 /* SpringAnimation */,
			);
			productName = SpringAppTwo;
			productReference = 516A21E128DA196E00507BEE /* SpringAppTwo.app */;
			productType = "com.apple.product-type.application";
		};
/* End PBXNativeTarget section */

/* Begin PBXProject section */
		516A21D928DA196E00507BEE /* Project object */ = {
			isa = PBXProject;
			attributes = {
				BuildIndependentTargetsInParallel = 1;
				LastSwiftUpdateCheck = 1340;
				LastUpgradeCheck = 1340;
				TargetAttributes = {
					516A21E028DA196E00507BEE = {
						CreatedOnToolsVersion = 13.4.1;
					};
				};
			};
			buildConfigurationList = 516A21DC28DA196E00507BEE /* Build configuration list for PBXProject "SpringAppTwo" */;
			compatibilityVersion = "Xcode 13.0";
			developmentRegion = en;
			hasScannedForEncodings = 0;
			knownRegions = (
				en,
				Base,
			);
			mainGroup = 516A21D828DA196E00507BEE;
			packageReferences = (
				512E9BF628DA1C2B00640988 /* XCRemoteSwiftPackageReference "SpringAnimation" */,
			);
			productRefGroup = 516A21E228DA196E00507BEE /* Products */;
			projectDirPath = "";
			projectRoot = "";
			targets = (
				516A21E028DA196E00507BEE /* SpringAppTwo */,
			);
		};
/* End PBXProject section */

/* Begin PBXResourcesBuildPhase section */
		516A21DF28DA196E00507BEE /* Resources */ = {
			isa = PBXResourcesBuildPhase;
			buildActionMask = 2147483647;
			files = (
				516A21F128DA197100507BEE /* LaunchScreen.storyboard in Resources */,
				516A21EE28DA197100507BEE /* Assets.xcassets in Resources */,
				516A21EC28DA196E00507BEE /* Main.storyboard in Resources */,
			);
			runOnlyForDeploymentPostprocessing = 0;
		};
/* End PBXResourcesBuildPhase section */

/* Begin PBXSourcesBuildPhase section */
		516A21DD28DA196E00507BEE /* Sources */ = {
			isa = PBXSourcesBuildPhase;
			buildActionMask = 2147483647;
			files = (
				516A21E928DA196E00507BEE /* ViewController.swift in Sources */,
				5117EA1428EEEF7D00D4B4EB /* DataStor.swift in Sources */,
				516A21E528DA196E00507BEE /* AppDelegate.swift in Sources */,
				516A21E728DA196E00507BEE /* SceneDelegate.swift in Sources */,
				512E9BFA28DA2E1E00640988 /* Model.swift in Sources */,
			);
			runOnlyForDeploymentPostprocessing = 0;
		};
/* End PBXSourcesBuildPhase section */

/* Begin PBXVariantGroup section */
		516A21EA28DA196E00507BEE /* Main.storyboard */ = {
			isa = PBXVariantGroup;
			children = (
				516A21EB28DA196E00507BEE /* Base */,
			);
			name = Main.storyboard;
			sourceTree = "<group>";
		};
		516A21EF28DA197100507BEE /* LaunchScreen.storyboard */ = {
			isa = PBXVariantGroup;
			children = (
				516A21F028DA197100507BEE /* Base */,
			);
			name = LaunchScreen.storyboard;
			sourceTree = "<group>";
		};
/* End PBXVariantGroup section */

/* Begin XCBuildConfiguration section */
		516A21F328DA197100507BEE /* Debug */ = {
			isa = XCBuildConfiguration;
			buildSettings = {
				ALWAYS_SEARCH_USER_PATHS = NO;
				CLANG_ANALYZER_NONNULL = YES;
				CLANG_ANALYZER_NUMBER_OBJECT_CONVERSION = YES_AGGRESSIVE;
				CLANG_CXX_LANGUAGE_STANDARD = "gnu++17";
				CLANG_ENABLE_MODULES = YES;
				CLANG_ENABLE_OBJC_ARC = YES;
				CLANG_ENABLE_OBJC_WEAK = YES;
				CLANG_WARN_BLOCK_CAPTURE_AUTORELEASING = YES;
				CLANG_WARN_BOOL_CONVERSION = YES;
				CLANG_WARN_COMMA = YES;
				CLANG_WARN_CONSTANT_CONVERSION = YES;
				CLANG_WARN_DEPRECATED_OBJC_IMPLEMENTATIONS = YES;
				CLANG_WARN_DIRECT_OBJC_ISA_USAGE = YES_ERROR;
				CLANG_WARN_DOCUMENTATION_COMMENTS = YES;
				CLANG_WARN_EMPTY_BODY = YES;
				CLANG_WARN_ENUM_CONVERSION = YES;
				CLANG_WARN_INFINITE_RECURSION = YES;
				CLANG_WARN_INT_CONVERSION = YES;
				CLANG_WARN_NON_LITERAL_NULL_CONVERSION = YES;
				CLANG_WARN_OBJC_IMPLICIT_RETAIN_SELF = YES;
				CLANG_WARN_OBJC_LITERAL_CONVERSION = YES;
				CLANG_WARN_OBJC_ROOT_CLASS = YES_ERROR;
				CLANG_WARN_QUOTED_INCLUDE_IN_FRAMEWORK_HEADER = YES;
				CLANG_WARN_RANGE_LOOP_ANALYSIS = YES;
				CLANG_WARN_STRICT_PROTOTYPES = YES;
				CLANG_WARN_SUSPICIOUS_MOVE = YES;
				CLANG_WARN_UNGUARDED_AVAILABILITY = YES_AGGRESSIVE;
				CLANG_WARN_UNREACHABLE_CODE = YES;
				CLANG_WARN__DUPLICATE_METHOD_MATCH = YES;
				COPY_PHASE_STRIP = NO;
				DEBUG_INFORMATION_FORMAT = dwarf;
				ENABLE_STRICT_OBJC_MSGSEND = YES;
				ENABLE_TESTABILITY = YES;
				GCC_C_LANGUAGE_STANDARD = gnu11;
				GCC_DYNAMIC_NO_PIC = NO;
				GCC_NO_COMMON_BLOCKS = YES;
				GCC_OPTIMIZATION_LEVEL = 0;
				GCC_PREPROCESSOR_DEFINITIONS = (
					"DEBUG=1",
					"$(inherited)",
				);
				GCC_WARN_64_TO_32_BIT_CONVERSION = YES;
				GCC_WARN_ABOUT_RETURN_TYPE = YES_ERROR;
				GCC_WARN_UNDECLARED_SELECTOR = YES;
				GCC_WARN_UNINITIALIZED_AUTOS = YES_AGGRESSIVE;
				GCC_WARN_UNUSED_FUNCTION = YES;
				GCC_WARN_UNUSED_VARIABLE = YES;
				IPHONEOS_DEPLOYMENT_TARGET = 15.5;
				MTL_ENABLE_DEBUG_INFO = INCLUDE_SOURCE;
				MTL_FAST_MATH = YES;
				ONLY_ACTIVE_ARCH = YES;
				SDKROOT = iphoneos;
				SWIFT_ACTIVE_COMPILATION_CONDITIONS = DEBUG;
				SWIFT_OPTIMIZATION_LEVEL = "-Onone";
			};
			name = Debug;
		};
		516A21F428DA197100507BEE /* Release */ = {
			isa = XCBuildConfiguration;
			buildSettings = {
				ALWAYS_SEARCH_USER_PATHS = NO;
				CLANG_ANALYZER_NONNULL = YES;
				CLANG_ANALYZER_NUMBER_OBJECT_CONVERSION = YES_AGGRESSIVE;
				CLANG_CXX_LANGUAGE_STANDARD = "gnu++17";
				CLANG_ENABLE_MODULES = YES;
				CLANG_ENABLE_OBJC_ARC = YES;
				CLANG_ENABLE_OBJC_WEAK = YES;
				CLANG_WARN_BLOCK_CAPTURE_AUTORELEASING = YES;
				CLANG_WARN_BOOL_CONVERSION = YES;
				CLANG_WARN_COMMA = YES;
				CLANG_WARN_CONSTANT_CONVERSION = YES;
				CLANG_WARN_DEPRECATED_OBJC_IMPLEMENTATIONS = YES;
				CLANG_WARN_DIRECT_OBJC_ISA_USAGE = YES_ERROR;
				CLANG_WARN_DOCUMENTATION_COMMENTS = YES;
				CLANG_WARN_EMPTY_BODY = YES;
				CLANG_WARN_ENUM_CONVERSION = YES;
				CLANG_WARN_INFINITE_RECURSION = YES;
				CLANG_WARN_INT_CONVERSION = YES;
				CLANG_WARN_NON_LITERAL_NULL_CONVERSION = YES;
				CLANG_WARN_OBJC_IMPLICIT_RETAIN_SELF = YES;
				CLANG_WARN_OBJC_LITERAL_CONVERSION = YES;
				CLANG_WARN_OBJC_ROOT_CLASS = YES_ERROR;
				CLANG_WARN_QUOTED_INCLUDE_IN_FRAMEWORK_HEADER = YES;
				CLANG_WARN_RANGE_LOOP_ANALYSIS = YES;
				CLANG_WARN_STRICT_PROTOTYPES = YES;
				CLANG_WARN_SUSPICIOUS_MOVE = YES;
				CLANG_WARN_UNGUARDED_AVAILABILITY = YES_AGGRESSIVE;
				CLANG_WARN_UNREACHABLE_CODE = YES;
				CLANG_WARN__DUPLICATE_METHOD_MATCH = YES;
				COPY_PHASE_STRIP = NO;
				DEBUG_INFORMATION_FORMAT = "dwarf-with-dsym";
				ENABLE_NS_ASSERTIONS = NO;
				ENABLE_STRICT_OBJC_MSGSEND = YES;
				GCC_C_LANGUAGE_STANDARD = gnu11;
				GCC_NO_COMMON_BLOCKS = YES;
				GCC_WARN_64_TO_32_BIT_CONVERSION = YES;
				GCC_WARN_ABOUT_RETURN_TYPE = YES_ERROR;
				GCC_WARN_UNDECLARED_SELECTOR = YES;
				GCC_WARN_UNINITIALIZED_AUTOS = YES_AGGRESSIVE;
				GCC_WARN_UNUSED_FUNCTION = YES;
				GCC_WARN_UNUSED_VARIABLE = YES;
				IPHONEOS_DEPLOYMENT_TARGET = 15.5;
				MTL_ENABLE_DEBUG_INFO = NO;
				MTL_FAST_MATH = YES;
				SDKROOT = iphoneos;
				SWIFT_COMPILATION_MODE = wholemodule;
				SWIFT_OPTIMIZATION_LEVEL = "-O";
				VALIDATE_PRODUCT = YES;
			};
			name = Release;
		};
		516A21F628DA197100507BEE /* Debug */ = {
			isa = XCBuildConfiguration;
			buildSettings = {
				ASSETCATALOG_COMPILER_APPICON_NAME = AppIcon;
				ASSETCATALOG_COMPILER_GLOBAL_ACCENT_COLOR_NAME = AccentColor;
				CODE_SIGN_STYLE = Automatic;
				CURRENT_PROJECT_VERSION = 1;
				DEVELOPMENT_TEAM = LBKPR9U7Q9;
				GENERATE_INFOPLIST_FILE = YES;
				INFOPLIST_FILE = SpringAppTwo/Info.plist;
				INFOPLIST_KEY_UIApplicationSupportsIndirectInputEvents = YES;
				INFOPLIST_KEY_UILaunchStoryboardName = LaunchScreen;
				INFOPLIST_KEY_UIMainStoryboardFile = Main;
				INFOPLIST_KEY_UISupportedInterfaceOrientations_iPad = "UIInterfaceOrientationPortrait UIInterfaceOrientationPortraitUpsideDown UIInterfaceOrientationLandscapeLeft UIInterfaceOrientationLandscapeRight";
				INFOPLIST_KEY_UISupportedInterfaceOrientations_iPhone = "UIInterfaceOrientationPortrait UIInterfaceOrientationLandscapeLeft UIInterfaceOrientationLandscapeRight";
				LD_RUNPATH_SEARCH_PATHS = (
					"$(inherited)",
					"@executable_path/Frameworks",
				);
				MARKETING_VERSION = 1.0;
				PRODUCT_BUNDLE_IDENTIFIER = com.tirexgroup.SpringAppTwo;
				PRODUCT_NAME = "$(TARGET_NAME)";
				SWIFT_EMIT_LOC_STRINGS = YES;
				SWIFT_VERSION = 5.0;
				TARGETED_DEVICE_FAMILY = "1,2";
			};
			name = Debug;
		};
		516A21F728DA197100507BEE /* Release */ = {
			isa = XCBuildConfiguration;
			buildSettings = {
				ASSETCATALOG_COMPILER_APPICON_NAME = AppIcon;
				ASSETCATALOG_COMPILER_GLOBAL_ACCENT_COLOR_NAME = AccentColor;
				CODE_SIGN_STYLE = Automatic;
				CURRENT_PROJECT_VERSION = 1;
				DEVELOPMENT_TEAM = LBKPR9U7Q9;
				GENERATE_INFOPLIST_FILE = YES;
				INFOPLIST_FILE = SpringAppTwo/Info.plist;
				INFOPLIST_KEY_UIApplicationSupportsIndirectInputEvents = YES;
				INFOPLIST_KEY_UILaunchStoryboardName = LaunchScreen;
				INFOPLIST_KEY_UIMainStoryboardFile = Main;
				INFOPLIST_KEY_UISupportedInterfaceOrientations_iPad = "UIInterfaceOrientationPortrait UIInterfaceOrientationPortraitUpsideDown UIInterfaceOrientationLandscapeLeft UIInterfaceOrientationLandscapeRight";
				INFOPLIST_KEY_UISupportedInterfaceOrientations_iPhone = "UIInterfaceOrientationPortrait UIInterfaceOrientationLandscapeLeft UIInterfaceOrientationLandscapeRight";
				LD_RUNPATH_SEARCH_PATHS = (
					"$(inherited)",
					"@executable_path/Frameworks",
				);
				MARKETING_VERSION = 1.0;
				PRODUCT_BUNDLE_IDENTIFIER = com.tirexgroup.SpringAppTwo;
				PRODUCT_NAME = "$(TARGET_NAME)";
				SWIFT_EMIT_LOC_STRINGS = YES;
				SWIFT_VERSION = 5.0;
				TARGETED_DEVICE_FAMILY = "1,2";
			};
			name = Release;
		};
/* End XCBuildConfiguration section */

/* Begin XCConfigurationList section */
		516A21DC28DA196E00507BEE /* Build configuration list for PBXProject "SpringAppTwo" */ = {
			isa = XCConfigurationList;
			buildConfigurations = (
				516A21F328DA197100507BEE /* Debug */,
				516A21F428DA197100507BEE /* Release */,
			);
			defaultConfigurationIsVisible = 0;
			defaultConfigurationName = Release;
		};
		516A21F528DA197100507BEE /* Build configuration list for PBXNativeTarget "SpringAppTwo" */ = {
			isa = XCConfigurationList;
			buildConfigurations = (
				516A21F628DA197100507BEE /* Debug */,
				516A21F728DA197100507BEE /* Release */,
			);
			defaultConfigurationIsVisible = 0;
			defaultConfigurationName = Release;
		};
/* End XCConfigurationList section */

/* Begin XCRemoteSwiftPackageReference section */
		512E9BF628DA1C2B00640988 /* XCRemoteSwiftPackageReference "SpringAnimation" */ = {
			isa = XCRemoteSwiftPackageReference;
			repositoryURL = "https://github.com/LexDeBash/SpringAnimation";
			requirement = {
				branch = main;
				kind = branch;
			};
		};
/* End XCRemoteSwiftPackageReference section */

/* Begin XCSwiftPackageProductDependency section */
		512E9BF728DA1C2B00640988 /* SpringAnimation */ = {
			isa = XCSwiftPackageProductDependency;
			package = 512E9BF628DA1C2B00640988 /* XCRemoteSwiftPackageReference "SpringAnimation" */;
			productName = SpringAnimation;
		};
/* End XCSwiftPackageProductDependency section */
	};
	rootObject = 516A21D928DA196E00507BEE /* Project object */;
}
